
Microsoft Visual Studio Solution File, Format Version 12.00
# Visual Studio Version 16
VisualStudioVersion = 16.0.30717.126
MinimumVisualStudioVersion = 10.0.40219.1
Project("{FAE04EC0-301F-11D3-BF4B-00C04F79EFBC}") = "HSI_01", "HSI_01\HSI_01.csproj", "{EBC6EAEF-817E-4AB0-92B3-A641AFC19C81}"
EndProject
Global
	GlobalSection(SolutionConfigurationPlatforms) = preSolution
		Debug|Any CPU = Debug|Any CPU
		Release|Any CPU = Release|Any CPU
	EndGlobalSection
	GlobalSection(ProjectConfigurationPlatforms) = postSolution
		{EBC6EAEF-817E-4AB0-92B3-A641AFC19C81}.Debug|Any CPU.ActiveCfg = Debug|Any CPU
		{EBC6EAEF-817E-4AB0-92B3-A641AFC19C81}.Debug|Any CPU.Build.0 = Debug|Any CPU
		{EBC6EAEF-817E-4AB0-92B3-A641AFC19C81}.Release|Any CPU.ActiveCfg = Release|Any CPU
		{EBC6EAEF-817E-4AB0-92B3-A641AFC19C81}.Release|Any CPU.Build.0 = Release|Any CPU
	EndGlobalSection
	GlobalSection(SolutionProperties) = preSolution
		HideSolutionNode = FALSE
	EndGlobalSection
	GlobalSection(ExtensibilityGlobals) = postSolution
		SolutionGuid = {82EE7758-6536-4D4F-8B93-422863F6C7DE}
	EndGlobalSection
EndGlobal
