
Microsoft Visual Studio Solution File, Format Version 12.00
# Visual Studio Version 16
VisualStudioVersion = 16.0.30717.126
MinimumVisualStudioVersion = 10.0.40219.1
Project("{FAE04EC0-301F-11D3-BF4B-00C04F79EFBC}") = "Chuyen_doi_CMYK", "Chuyen_doi_CMYK\Chuyen_doi_CMYK.csproj", "{D9E8112B-1360-42E0-9663-920E039A0C52}"
EndProject
Global
	GlobalSection(SolutionConfigurationPlatforms) = preSolution
		Debug|Any CPU = Debug|Any CPU
		Release|Any CPU = Release|Any CPU
	EndGlobalSection
	GlobalSection(ProjectConfigurationPlatforms) = postSolution
		{D9E8112B-1360-42E0-9663-920E039A0C52}.Debug|Any CPU.ActiveCfg = Debug|Any CPU
		{D9E8112B-1360-42E0-9663-920E039A0C52}.Debug|Any CPU.Build.0 = Debug|Any CPU
		{D9E8112B-1360-42E0-9663-920E039A0C52}.Release|Any CPU.ActiveCfg = Release|Any CPU
		{D9E8112B-1360-42E0-9663-920E039A0C52}.Release|Any CPU.Build.0 = Release|Any CPU
	EndGlobalSection
	GlobalSection(SolutionProperties) = preSolution
		HideSolutionNode = FALSE
	EndGlobalSection
	GlobalSection(ExtensibilityGlobals) = postSolution
		SolutionGuid = {1D187E92-7604-4BB0-9078-3CACB8856384}
	EndGlobalSection
EndGlobal
